
Microsoft Visual Studio Solution File, Format Version 12.00
# Visual Studio 15
VisualStudioVersion = 15.0.26403.0
MinimumVisualStudioVersion = 10.0.40219.1
Project("{FAE04EC0-301F-11D3-BF4B-00C04F79EFBC}") = "MastodonAPI", "MastodonAPI\MastodonAPI.csproj", "{67AA8085-364E-4F94-89AD-44E065899131}"
EndProject
Project("{FAE04EC0-301F-11D3-BF4B-00C04F79EFBC}") = "createapp", "createapp\createapp.csproj", "{43738C68-BD6E-497C-8EB1-F4B3E282CEA7}"
EndProject
Project("{FAE04EC0-301F-11D3-BF4B-00C04F79EFBC}") = "AuthenticateApp", "AuthenticateApp\AuthenticateApp.csproj", "{08361BBB-F8C9-4D8B-86C7-A35AD6445381}"
EndProject
Global
	GlobalSection(SolutionConfigurationPlatforms) = preSolution
		Debug|Any CPU = Debug|Any CPU
		Release|Any CPU = Release|Any CPU
	EndGlobalSection
	GlobalSection(ProjectConfigurationPlatforms) = postSolution
		{67AA8085-364E-4F94-89AD-44E065899131}.Debug|Any CPU.ActiveCfg = Debug|Any CPU
		{67AA8085-364E-4F94-89AD-44E065899131}.Debug|Any CPU.Build.0 = Debug|Any CPU
		{67AA8085-364E-4F94-89AD-44E065899131}.Release|Any CPU.ActiveCfg = Release|Any CPU
		{67AA8085-364E-4F94-89AD-44E065899131}.Release|Any CPU.Build.0 = Release|Any CPU
		{43738C68-BD6E-497C-8EB1-F4B3E282CEA7}.Debug|Any CPU.ActiveCfg = Debug|Any CPU
		{43738C68-BD6E-497C-8EB1-F4B3E282CEA7}.Debug|Any CPU.Build.0 = Debug|Any CPU
		{43738C68-BD6E-497C-8EB1-F4B3E282CEA7}.Release|Any CPU.ActiveCfg = Release|Any CPU
		{43738C68-BD6E-497C-8EB1-F4B3E282CEA7}.Release|Any CPU.Build.0 = Release|Any CPU
		{08361BBB-F8C9-4D8B-86C7-A35AD6445381}.Debug|Any CPU.ActiveCfg = Debug|Any CPU
		{08361BBB-F8C9-4D8B-86C7-A35AD6445381}.Debug|Any CPU.Build.0 = Debug|Any CPU
		{08361BBB-F8C9-4D8B-86C7-A35AD6445381}.Release|Any CPU.ActiveCfg = Release|Any CPU
		{08361BBB-F8C9-4D8B-86C7-A35AD6445381}.Release|Any CPU.Build.0 = Release|Any CPU
	EndGlobalSection
	GlobalSection(SolutionProperties) = preSolution
		HideSolutionNode = FALSE
	EndGlobalSection
EndGlobal
