
Microsoft Visual Studio Solution File, Format Version 12.00
# Visual Studio 15
VisualStudioVersion = 15.0.26403.0
MinimumVisualStudioVersion = 10.0.40219.1
Project("{FAE04EC0-301F-11D3-BF4B-00C04F79EFBC}") = "MastodonAPI", "MastodonAPI\MastodonAPI.csproj", "{67AA8085-364E-4F94-89AD-44E065899131}"
EndProject
Project("{FAE04EC0-301F-11D3-BF4B-00C04F79EFBC}") = "MastodonUWA", "MastodonUWA\MastodonUWA.csproj", "{8EB3D180-3B92-4D02-B4A7-1746809E3D14}"
EndProject
Project("{D954291E-2A0B-460D-934E-DC6B0785DB48}") = "Mastodon.Xamarin", "Mastodon.Xamarin\Mastodon.Xamarin\Mastodon.Xamarin.shproj", "{2993812C-1E14-4C32-813C-F67B732CB8EA}"
EndProject
Project("{FAE04EC0-301F-11D3-BF4B-00C04F79EFBC}") = "Mastodon.Xamarin.Android", "Mastodon.Xamarin\Mastodon.Xamarin.Android\Mastodon.Xamarin.Android.csproj", "{177DEC4F-CB1D-4793-94AB-730CFC8DDE4D}"
EndProject
Project("{FAE04EC0-301F-11D3-BF4B-00C04F79EFBC}") = "Mastodon.Xamarin.iOS", "Mastodon.Xamarin\Mastodon.Xamarin.iOS\Mastodon.Xamarin.iOS.csproj", "{C993F57B-3ED0-41FA-9924-92AA94974405}"
EndProject
Project("{FAE04EC0-301F-11D3-BF4B-00C04F79EFBC}") = "Mastodon.Xamarin.UWP", "Mastodon.Xamarin\Mastodon.Xamarin.UWP\Mastodon.Xamarin.UWP.csproj", "{20ED4254-49CF-4F7E-88AE-10F62AA9EC60}"
EndProject
Global
	GlobalSection(SharedMSBuildProjectFiles) = preSolution
		Mastodon.Xamarin\Mastodon.Xamarin\Mastodon.Xamarin.projitems*{177dec4f-cb1d-4793-94ab-730cfc8dde4d}*SharedItemsImports = 4
		Mastodon.Xamarin\Mastodon.Xamarin\Mastodon.Xamarin.projitems*{20ed4254-49cf-4f7e-88ae-10f62aa9ec60}*SharedItemsImports = 4
		Mastodon.Xamarin\Mastodon.Xamarin\Mastodon.Xamarin.projitems*{2993812c-1e14-4c32-813c-f67b732cb8ea}*SharedItemsImports = 13
		Mastodon.Xamarin\Mastodon.Xamarin\Mastodon.Xamarin.projitems*{c993f57b-3ed0-41fa-9924-92aa94974405}*SharedItemsImports = 4
	EndGlobalSection
	GlobalSection(SolutionConfigurationPlatforms) = preSolution
		Debug|Any CPU = Debug|Any CPU
		Debug|ARM = Debug|ARM
		Debug|iPhone = Debug|iPhone
		Debug|iPhoneSimulator = Debug|iPhoneSimulator
		Debug|x64 = Debug|x64
		Debug|x86 = Debug|x86
		Release|Any CPU = Release|Any CPU
		Release|ARM = Release|ARM
		Release|iPhone = Release|iPhone
		Release|iPhoneSimulator = Release|iPhoneSimulator
		Release|x64 = Release|x64
		Release|x86 = Release|x86
	EndGlobalSection
	GlobalSection(ProjectConfigurationPlatforms) = postSolution
		{67AA8085-364E-4F94-89AD-44E065899131}.Debug|Any CPU.ActiveCfg = Debug|Any CPU
		{67AA8085-364E-4F94-89AD-44E065899131}.Debug|Any CPU.Build.0 = Debug|Any CPU
		{67AA8085-364E-4F94-89AD-44E065899131}.Debug|ARM.ActiveCfg = Debug|Any CPU
		{67AA8085-364E-4F94-89AD-44E065899131}.Debug|ARM.Build.0 = Debug|Any CPU
		{67AA8085-364E-4F94-89AD-44E065899131}.Debug|iPhone.ActiveCfg = Debug|Any CPU
		{67AA8085-364E-4F94-89AD-44E065899131}.Debug|iPhone.Build.0 = Debug|Any CPU
		{67AA8085-364E-4F94-89AD-44E065899131}.Debug|iPhoneSimulator.ActiveCfg = Debug|Any CPU
		{67AA8085-364E-4F94-89AD-44E065899131}.Debug|iPhoneSimulator.Build.0 = Debug|Any CPU
		{67AA8085-364E-4F94-89AD-44E065899131}.Debug|x64.ActiveCfg = Debug|Any CPU
		{67AA8085-364E-4F94-89AD-44E065899131}.Debug|x64.Build.0 = Debug|Any CPU
		{67AA8085-364E-4F94-89AD-44E065899131}.Debug|x86.ActiveCfg = Debug|Any CPU
		{67AA8085-364E-4F94-89AD-44E065899131}.Debug|x86.Build.0 = Debug|Any CPU
		{67AA8085-364E-4F94-89AD-44E065899131}.Release|Any CPU.ActiveCfg = Release|Any CPU
		{67AA8085-364E-4F94-89AD-44E065899131}.Release|Any CPU.Build.0 = Release|Any CPU
		{67AA8085-364E-4F94-89AD-44E065899131}.Release|ARM.ActiveCfg = Release|Any CPU
		{67AA8085-364E-4F94-89AD-44E065899131}.Release|ARM.Build.0 = Release|Any CPU
		{67AA8085-364E-4F94-89AD-44E065899131}.Release|iPhone.ActiveCfg = Release|Any CPU
		{67AA8085-364E-4F94-89AD-44E065899131}.Release|iPhone.Build.0 = Release|Any CPU
		{67AA8085-364E-4F94-89AD-44E065899131}.Release|iPhoneSimulator.ActiveCfg = Release|Any CPU
		{67AA8085-364E-4F94-89AD-44E065899131}.Release|iPhoneSimulator.Build.0 = Release|Any CPU
		{67AA8085-364E-4F94-89AD-44E065899131}.Release|x64.ActiveCfg = Release|Any CPU
		{67AA8085-364E-4F94-89AD-44E065899131}.Release|x64.Build.0 = Release|Any CPU
		{67AA8085-364E-4F94-89AD-44E065899131}.Release|x86.ActiveCfg = Release|Any CPU
		{67AA8085-364E-4F94-89AD-44E065899131}.Release|x86.Build.0 = Release|Any CPU
		{8EB3D180-3B92-4D02-B4A7-1746809E3D14}.Debug|Any CPU.ActiveCfg = Debug|x86
		{8EB3D180-3B92-4D02-B4A7-1746809E3D14}.Debug|ARM.ActiveCfg = Debug|ARM
		{8EB3D180-3B92-4D02-B4A7-1746809E3D14}.Debug|ARM.Build.0 = Debug|ARM
		{8EB3D180-3B92-4D02-B4A7-1746809E3D14}.Debug|ARM.Deploy.0 = Debug|ARM
		{8EB3D180-3B92-4D02-B4A7-1746809E3D14}.Debug|iPhone.ActiveCfg = Debug|x86
		{8EB3D180-3B92-4D02-B4A7-1746809E3D14}.Debug|iPhoneSimulator.ActiveCfg = Debug|x86
		{8EB3D180-3B92-4D02-B4A7-1746809E3D14}.Debug|x64.ActiveCfg = Debug|x64
		{8EB3D180-3B92-4D02-B4A7-1746809E3D14}.Debug|x64.Build.0 = Debug|x64
		{8EB3D180-3B92-4D02-B4A7-1746809E3D14}.Debug|x64.Deploy.0 = Debug|x64
		{8EB3D180-3B92-4D02-B4A7-1746809E3D14}.Debug|x86.ActiveCfg = Debug|x86
		{8EB3D180-3B92-4D02-B4A7-1746809E3D14}.Debug|x86.Build.0 = Debug|x86
		{8EB3D180-3B92-4D02-B4A7-1746809E3D14}.Debug|x86.Deploy.0 = Debug|x86
		{8EB3D180-3B92-4D02-B4A7-1746809E3D14}.Release|Any CPU.ActiveCfg = Release|x86
		{8EB3D180-3B92-4D02-B4A7-1746809E3D14}.Release|ARM.ActiveCfg = Release|ARM
		{8EB3D180-3B92-4D02-B4A7-1746809E3D14}.Release|ARM.Build.0 = Release|ARM
		{8EB3D180-3B92-4D02-B4A7-1746809E3D14}.Release|ARM.Deploy.0 = Release|ARM
		{8EB3D180-3B92-4D02-B4A7-1746809E3D14}.Release|iPhone.ActiveCfg = Release|x86
		{8EB3D180-3B92-4D02-B4A7-1746809E3D14}.Release|iPhoneSimulator.ActiveCfg = Release|x86
		{8EB3D180-3B92-4D02-B4A7-1746809E3D14}.Release|x64.ActiveCfg = Release|x64
		{8EB3D180-3B92-4D02-B4A7-1746809E3D14}.Release|x64.Build.0 = Release|x64
		{8EB3D180-3B92-4D02-B4A7-1746809E3D14}.Release|x64.Deploy.0 = Release|x64
		{8EB3D180-3B92-4D02-B4A7-1746809E3D14}.Release|x86.ActiveCfg = Release|x86
		{8EB3D180-3B92-4D02-B4A7-1746809E3D14}.Release|x86.Build.0 = Release|x86
		{8EB3D180-3B92-4D02-B4A7-1746809E3D14}.Release|x86.Deploy.0 = Release|x86
		{177DEC4F-CB1D-4793-94AB-730CFC8DDE4D}.Debug|Any CPU.ActiveCfg = Debug|Any CPU
		{177DEC4F-CB1D-4793-94AB-730CFC8DDE4D}.Debug|Any CPU.Build.0 = Debug|Any CPU
		{177DEC4F-CB1D-4793-94AB-730CFC8DDE4D}.Debug|Any CPU.Deploy.0 = Debug|Any CPU
		{177DEC4F-CB1D-4793-94AB-730CFC8DDE4D}.Debug|ARM.ActiveCfg = Debug|Any CPU
		{177DEC4F-CB1D-4793-94AB-730CFC8DDE4D}.Debug|ARM.Build.0 = Debug|Any CPU
		{177DEC4F-CB1D-4793-94AB-730CFC8DDE4D}.Debug|ARM.Deploy.0 = Debug|Any CPU
		{177DEC4F-CB1D-4793-94AB-730CFC8DDE4D}.Debug|iPhone.ActiveCfg = Debug|Any CPU
		{177DEC4F-CB1D-4793-94AB-730CFC8DDE4D}.Debug|iPhone.Build.0 = Debug|Any CPU
		{177DEC4F-CB1D-4793-94AB-730CFC8DDE4D}.Debug|iPhone.Deploy.0 = Debug|Any CPU
		{177DEC4F-CB1D-4793-94AB-730CFC8DDE4D}.Debug|iPhoneSimulator.ActiveCfg = Debug|Any CPU
		{177DEC4F-CB1D-4793-94AB-730CFC8DDE4D}.Debug|iPhoneSimulator.Build.0 = Debug|Any CPU
		{177DEC4F-CB1D-4793-94AB-730CFC8DDE4D}.Debug|iPhoneSimulator.Deploy.0 = Debug|Any CPU
		{177DEC4F-CB1D-4793-94AB-730CFC8DDE4D}.Debug|x64.ActiveCfg = Debug|Any CPU
		{177DEC4F-CB1D-4793-94AB-730CFC8DDE4D}.Debug|x64.Build.0 = Debug|Any CPU
		{177DEC4F-CB1D-4793-94AB-730CFC8DDE4D}.Debug|x64.Deploy.0 = Debug|Any CPU
		{177DEC4F-CB1D-4793-94AB-730CFC8DDE4D}.Debug|x86.ActiveCfg = Debug|Any CPU
		{177DEC4F-CB1D-4793-94AB-730CFC8DDE4D}.Debug|x86.Build.0 = Debug|Any CPU
		{177DEC4F-CB1D-4793-94AB-730CFC8DDE4D}.Debug|x86.Deploy.0 = Debug|Any CPU
		{177DEC4F-CB1D-4793-94AB-730CFC8DDE4D}.Release|Any CPU.ActiveCfg = Release|Any CPU
		{177DEC4F-CB1D-4793-94AB-730CFC8DDE4D}.Release|Any CPU.Build.0 = Release|Any CPU
		{177DEC4F-CB1D-4793-94AB-730CFC8DDE4D}.Release|Any CPU.Deploy.0 = Release|Any CPU
		{177DEC4F-CB1D-4793-94AB-730CFC8DDE4D}.Release|ARM.ActiveCfg = Release|Any CPU
		{177DEC4F-CB1D-4793-94AB-730CFC8DDE4D}.Release|ARM.Build.0 = Release|Any CPU
		{177DEC4F-CB1D-4793-94AB-730CFC8DDE4D}.Release|ARM.Deploy.0 = Release|Any CPU
		{177DEC4F-CB1D-4793-94AB-730CFC8DDE4D}.Release|iPhone.ActiveCfg = Release|Any CPU
		{177DEC4F-CB1D-4793-94AB-730CFC8DDE4D}.Release|iPhone.Build.0 = Release|Any CPU
		{177DEC4F-CB1D-4793-94AB-730CFC8DDE4D}.Release|iPhone.Deploy.0 = Release|Any CPU
		{177DEC4F-CB1D-4793-94AB-730CFC8DDE4D}.Release|iPhoneSimulator.ActiveCfg = Release|Any CPU
		{177DEC4F-CB1D-4793-94AB-730CFC8DDE4D}.Release|iPhoneSimulator.Build.0 = Release|Any CPU
		{177DEC4F-CB1D-4793-94AB-730CFC8DDE4D}.Release|iPhoneSimulator.Deploy.0 = Release|Any CPU
		{177DEC4F-CB1D-4793-94AB-730CFC8DDE4D}.Release|x64.ActiveCfg = Release|Any CPU
		{177DEC4F-CB1D-4793-94AB-730CFC8DDE4D}.Release|x64.Build.0 = Release|Any CPU
		{177DEC4F-CB1D-4793-94AB-730CFC8DDE4D}.Release|x64.Deploy.0 = Release|Any CPU
		{177DEC4F-CB1D-4793-94AB-730CFC8DDE4D}.Release|x86.ActiveCfg = Release|Any CPU
		{177DEC4F-CB1D-4793-94AB-730CFC8DDE4D}.Release|x86.Build.0 = Release|Any CPU
		{177DEC4F-CB1D-4793-94AB-730CFC8DDE4D}.Release|x86.Deploy.0 = Release|Any CPU
		{C993F57B-3ED0-41FA-9924-92AA94974405}.Debug|Any CPU.ActiveCfg = Debug|iPhone
		{C993F57B-3ED0-41FA-9924-92AA94974405}.Debug|ARM.ActiveCfg = Debug|iPhone
		{C993F57B-3ED0-41FA-9924-92AA94974405}.Debug|iPhone.ActiveCfg = Debug|iPhone
		{C993F57B-3ED0-41FA-9924-92AA94974405}.Debug|iPhone.Build.0 = Debug|iPhone
		{C993F57B-3ED0-41FA-9924-92AA94974405}.Debug|iPhoneSimulator.ActiveCfg = Debug|iPhoneSimulator
		{C993F57B-3ED0-41FA-9924-92AA94974405}.Debug|iPhoneSimulator.Build.0 = Debug|iPhoneSimulator
		{C993F57B-3ED0-41FA-9924-92AA94974405}.Debug|x64.ActiveCfg = Debug|iPhone
		{C993F57B-3ED0-41FA-9924-92AA94974405}.Debug|x86.ActiveCfg = Debug|iPhone
		{C993F57B-3ED0-41FA-9924-92AA94974405}.Release|Any CPU.ActiveCfg = Release|iPhone
		{C993F57B-3ED0-41FA-9924-92AA94974405}.Release|ARM.ActiveCfg = Release|iPhone
		{C993F57B-3ED0-41FA-9924-92AA94974405}.Release|iPhone.ActiveCfg = Release|iPhone
		{C993F57B-3ED0-41FA-9924-92AA94974405}.Release|iPhone.Build.0 = Release|iPhone
		{C993F57B-3ED0-41FA-9924-92AA94974405}.Release|iPhoneSimulator.ActiveCfg = Release|iPhoneSimulator
		{C993F57B-3ED0-41FA-9924-92AA94974405}.Release|iPhoneSimulator.Build.0 = Release|iPhoneSimulator
		{C993F57B-3ED0-41FA-9924-92AA94974405}.Release|x64.ActiveCfg = Release|iPhone
		{C993F57B-3ED0-41FA-9924-92AA94974405}.Release|x86.ActiveCfg = Release|iPhone
		{20ED4254-49CF-4F7E-88AE-10F62AA9EC60}.Debug|Any CPU.ActiveCfg = Debug|x86
		{20ED4254-49CF-4F7E-88AE-10F62AA9EC60}.Debug|ARM.ActiveCfg = Debug|ARM
		{20ED4254-49CF-4F7E-88AE-10F62AA9EC60}.Debug|ARM.Build.0 = Debug|ARM
		{20ED4254-49CF-4F7E-88AE-10F62AA9EC60}.Debug|ARM.Deploy.0 = Debug|ARM
		{20ED4254-49CF-4F7E-88AE-10F62AA9EC60}.Debug|iPhone.ActiveCfg = Debug|x86
		{20ED4254-49CF-4F7E-88AE-10F62AA9EC60}.Debug|iPhoneSimulator.ActiveCfg = Debug|x86
		{20ED4254-49CF-4F7E-88AE-10F62AA9EC60}.Debug|x64.ActiveCfg = Debug|x64
		{20ED4254-49CF-4F7E-88AE-10F62AA9EC60}.Debug|x64.Build.0 = Debug|x64
		{20ED4254-49CF-4F7E-88AE-10F62AA9EC60}.Debug|x64.Deploy.0 = Debug|x64
		{20ED4254-49CF-4F7E-88AE-10F62AA9EC60}.Debug|x86.ActiveCfg = Debug|x86
		{20ED4254-49CF-4F7E-88AE-10F62AA9EC60}.Debug|x86.Build.0 = Debug|x86
		{20ED4254-49CF-4F7E-88AE-10F62AA9EC60}.Debug|x86.Deploy.0 = Debug|x86
		{20ED4254-49CF-4F7E-88AE-10F62AA9EC60}.Release|Any CPU.ActiveCfg = Release|x86
		{20ED4254-49CF-4F7E-88AE-10F62AA9EC60}.Release|ARM.ActiveCfg = Release|ARM
		{20ED4254-49CF-4F7E-88AE-10F62AA9EC60}.Release|ARM.Build.0 = Release|ARM
		{20ED4254-49CF-4F7E-88AE-10F62AA9EC60}.Release|ARM.Deploy.0 = Release|ARM
		{20ED4254-49CF-4F7E-88AE-10F62AA9EC60}.Release|iPhone.ActiveCfg = Release|x86
		{20ED4254-49CF-4F7E-88AE-10F62AA9EC60}.Release|iPhoneSimulator.ActiveCfg = Release|x86
		{20ED4254-49CF-4F7E-88AE-10F62AA9EC60}.Release|x64.ActiveCfg = Release|x64
		{20ED4254-49CF-4F7E-88AE-10F62AA9EC60}.Release|x64.Build.0 = Release|x64
		{20ED4254-49CF-4F7E-88AE-10F62AA9EC60}.Release|x64.Deploy.0 = Release|x64
		{20ED4254-49CF-4F7E-88AE-10F62AA9EC60}.Release|x86.ActiveCfg = Release|x86
		{20ED4254-49CF-4F7E-88AE-10F62AA9EC60}.Release|x86.Build.0 = Release|x86
		{20ED4254-49CF-4F7E-88AE-10F62AA9EC60}.Release|x86.Deploy.0 = Release|x86
	EndGlobalSection
	GlobalSection(SolutionProperties) = preSolution
		HideSolutionNode = FALSE
	EndGlobalSection
EndGlobal
